<?xml version="1.0" encoding="utf-8"?>
<Project ToolsVersion="4.0" xmlns="http://schemas.microsoft.com/developer/msbuild/2003">
  <ItemGroup>
    <Filter Include="Old stuff">
      <UniqueIdentifier>{93995380-89BD-4b04-88EB-625FBE52EBFB}</UniqueIdentifier>
      <Extensions>h;hh;hpp;hxx;h++;hm;inl;inc;ipp;xsd</Extensions>
    </Filter>
    <Filter Include="Components">
      <UniqueIdentifier>{09d95e45-921a-4971-9d4e-bd6941e12f9b}</UniqueIdentifier>
    </Filter>
    <Filter Include="Components\Tile Manager">
      <UniqueIdentifier>{57289254-5b49-4530-a834-d47362519b99}</UniqueIdentifier>
    </Filter>
    <Filter Include="Components\Menu">
      <UniqueIdentifier>{08ef4148-0ce8-40dc-80fd-18fe0b22a1d3}</UniqueIdentifier>
    </Filter>
    <Filter Include="Components\Tile Manager\Tile">
      <UniqueIdentifier>{6de0acb1-ff93-4f8b-b15c-5e1fd116a1e2}</UniqueIdentifier>
    </Filter>
  </ItemGroup>
  <ItemGroup>
    <ClCompile Include="main.cpp" />
    <ClCompile Include="CustomCommands.cpp">
      <Filter>Old stuff</Filter>
    </ClCompile>
    <ClCompile Include="TestObserver.cpp">
      <Filter>Old stuff</Filter>
    </ClCompile>
    <ClCompile Include="MenuComponent.cpp">
      <Filter>Components\Menu</Filter>
    </ClCompile>
    <ClCompile Include="TileManagerComponent.cpp">
      <Filter>Components\Tile Manager</Filter>
    </ClCompile>
    <ClCompile Include="Tile.cpp">
      <Filter>Components\Tile Manager\Tile</Filter>
    </ClCompile>
  </ItemGroup>
  <ItemGroup>
    <ClInclude Include="CustomCommands.h">
      <Filter>Old stuff</Filter>
    </ClInclude>
    <ClInclude Include="TestObserver.h">
      <Filter>Old stuff</Filter>
    </ClInclude>
    <ClInclude Include="MenuComponent.h">
      <Filter>Components\Menu</Filter>
    </ClInclude>
    <ClInclude Include="TileManagerComponent.h">
      <Filter>Components\Tile Manager</Filter>
    </ClInclude>
    <ClInclude Include="Tile.h">
      <Filter>Components\Tile Manager\Tile</Filter>
    </ClInclude>
  </ItemGroup>
</Project>