<?xml version="1.0" encoding="utf-8"?>
<Project ToolsVersion="4.0" xmlns="http://schemas.microsoft.com/developer/msbuild/2003">
  <ItemGroup>
    <Filter Include="Components">
      <UniqueIdentifier>{09d95e45-921a-4971-9d4e-bd6941e12f9b}</UniqueIdentifier>
    </Filter>
    <Filter Include="Components\Tile Manager">
      <UniqueIdentifier>{57289254-5b49-4530-a834-d47362519b99}</UniqueIdentifier>
    </Filter>
    <Filter Include="Components\Menu">
      <UniqueIdentifier>{08ef4148-0ce8-40dc-80fd-18fe0b22a1d3}</UniqueIdentifier>
    </Filter>
    <Filter Include="Components\Tile Manager\Tile">
      <UniqueIdentifier>{6de0acb1-ff93-4f8b-b15c-5e1fd116a1e2}</UniqueIdentifier>
    </Filter>
    <Filter Include="Components\Tank">
      <UniqueIdentifier>{bf177b77-bb93-4605-873c-b0f06642f79f}</UniqueIdentifier>
    </Filter>
    <Filter Include="Commands">
      <UniqueIdentifier>{7de0e0b8-4d84-457e-926f-19ed64fbcda0}</UniqueIdentifier>
    </Filter>
    <Filter Include="Components\Bullet Manager">
      <UniqueIdentifier>{27df4246-410f-4098-8ff0-a18e588b82a6}</UniqueIdentifier>
    </Filter>
    <Filter Include="Components\Bullet Manager\Bullet">
      <UniqueIdentifier>{ce5da085-feda-4636-8ecf-776852ac62bb}</UniqueIdentifier>
    </Filter>
    <Filter Include="Commands\Move">
      <UniqueIdentifier>{4a97870c-5fc0-476e-890f-3716551cce2c}</UniqueIdentifier>
    </Filter>
    <Filter Include="Commands\Aim">
      <UniqueIdentifier>{079af0e9-4043-423e-87b3-ecd1984b4075}</UniqueIdentifier>
    </Filter>
    <Filter Include="Commands\Fire">
      <UniqueIdentifier>{707065cc-82ac-4952-a84e-b2e5e8b68e8d}</UniqueIdentifier>
    </Filter>
    <Filter Include="Components\Tile Manager\Middle Tile">
      <UniqueIdentifier>{436d5049-283c-4ccd-9ca8-9fcbe2b3ab5a}</UniqueIdentifier>
    </Filter>
  </ItemGroup>
  <ItemGroup>
    <ClCompile Include="main.cpp" />
    <ClCompile Include="MenuComponent.cpp">
      <Filter>Components\Menu</Filter>
    </ClCompile>
    <ClCompile Include="TileManagerComponent.cpp">
      <Filter>Components\Tile Manager</Filter>
    </ClCompile>
    <ClCompile Include="TileComponent.cpp">
      <Filter>Components\Tile Manager\Tile</Filter>
    </ClCompile>
    <ClCompile Include="TankComponent.cpp">
      <Filter>Components\Tank</Filter>
    </ClCompile>
    <ClCompile Include="MoveCommand.cpp">
      <Filter>Commands\Move</Filter>
    </ClCompile>
    <ClCompile Include="AimCommand.cpp">
      <Filter>Commands\Aim</Filter>
    </ClCompile>
    <ClCompile Include="BulletManagerComponent.cpp">
      <Filter>Components\Bullet Manager</Filter>
    </ClCompile>
    <ClCompile Include="BulletComponent.cpp">
      <Filter>Components\Bullet Manager\Bullet</Filter>
    </ClCompile>
    <ClCompile Include="FireCommand.cpp">
      <Filter>Commands\Fire</Filter>
    </ClCompile>
    <ClCompile Include="MiddleTileComponent.cpp">
      <Filter>Components\Tile Manager\Middle Tile</Filter>
    </ClCompile>
  </ItemGroup>
  <ItemGroup>
    <ClInclude Include="MenuComponent.h">
      <Filter>Components\Menu</Filter>
    </ClInclude>
    <ClInclude Include="TileManagerComponent.h">
      <Filter>Components\Tile Manager</Filter>
    </ClInclude>
    <ClInclude Include="TileComponent.h">
      <Filter>Components\Tile Manager\Tile</Filter>
    </ClInclude>
    <ClInclude Include="TankComponent.h">
      <Filter>Components\Tank</Filter>
    </ClInclude>
    <ClInclude Include="MoveCommand.h">
      <Filter>Commands\Move</Filter>
    </ClInclude>
    <ClInclude Include="AimCommand.h">
      <Filter>Commands\Aim</Filter>
    </ClInclude>
    <ClInclude Include="BulletManagerComponent.h">
      <Filter>Components\Bullet Manager</Filter>
    </ClInclude>
    <ClInclude Include="BulletComponent.h">
      <Filter>Components\Bullet Manager\Bullet</Filter>
    </ClInclude>
    <ClInclude Include="FireCommand.h">
      <Filter>Commands\Fire</Filter>
    </ClInclude>
    <ClInclude Include="MiddleTileComponent.h">
      <Filter>Components\Tile Manager\Middle Tile</Filter>
    </ClInclude>
  </ItemGroup>
</Project>