<?xml version="1.0" encoding="utf-8"?>
<Project ToolsVersion="4.0" xmlns="http://schemas.microsoft.com/developer/msbuild/2003">
  <ItemGroup>
    <Filter Include="Components">
      <UniqueIdentifier>{09d95e45-921a-4971-9d4e-bd6941e12f9b}</UniqueIdentifier>
    </Filter>
    <Filter Include="Components\Menu">
      <UniqueIdentifier>{08ef4148-0ce8-40dc-80fd-18fe0b22a1d3}</UniqueIdentifier>
    </Filter>
    <Filter Include="Components\Tank">
      <UniqueIdentifier>{bf177b77-bb93-4605-873c-b0f06642f79f}</UniqueIdentifier>
    </Filter>
    <Filter Include="Commands">
      <UniqueIdentifier>{7de0e0b8-4d84-457e-926f-19ed64fbcda0}</UniqueIdentifier>
    </Filter>
    <Filter Include="Commands\Move">
      <UniqueIdentifier>{4a97870c-5fc0-476e-890f-3716551cce2c}</UniqueIdentifier>
    </Filter>
    <Filter Include="Commands\Aim">
      <UniqueIdentifier>{079af0e9-4043-423e-87b3-ecd1984b4075}</UniqueIdentifier>
    </Filter>
    <Filter Include="Commands\Fire">
      <UniqueIdentifier>{707065cc-82ac-4952-a84e-b2e5e8b68e8d}</UniqueIdentifier>
    </Filter>
    <Filter Include="Components\Scoreboard">
      <UniqueIdentifier>{73eaab9f-79eb-4c43-aa93-c055dde26ec4}</UniqueIdentifier>
    </Filter>
    <Filter Include="Components\Tank\Player">
      <UniqueIdentifier>{63eb1b33-fdd9-4e34-9d01-02186d05e678}</UniqueIdentifier>
    </Filter>
    <Filter Include="Components\Bullet">
      <UniqueIdentifier>{27df4246-410f-4098-8ff0-a18e588b82a6}</UniqueIdentifier>
    </Filter>
    <Filter Include="Components\Bullet\Bullet">
      <UniqueIdentifier>{ce5da085-feda-4636-8ecf-776852ac62bb}</UniqueIdentifier>
    </Filter>
    <Filter Include="Components\Tile">
      <UniqueIdentifier>{57289254-5b49-4530-a834-d47362519b99}</UniqueIdentifier>
    </Filter>
    <Filter Include="Components\Tile\Tile">
      <UniqueIdentifier>{6de0acb1-ff93-4f8b-b15c-5e1fd116a1e2}</UniqueIdentifier>
    </Filter>
    <Filter Include="Components\Tile\Middle Tile">
      <UniqueIdentifier>{436d5049-283c-4ccd-9ca8-9fcbe2b3ab5a}</UniqueIdentifier>
    </Filter>
    <Filter Include="Components\Tank\Tank">
      <UniqueIdentifier>{703c0176-e290-4010-84d4-c90c74a99b42}</UniqueIdentifier>
    </Filter>
    <Filter Include="Components\Tank\Enemy">
      <UniqueIdentifier>{a774a56c-d0ee-4a03-9e2a-9e99e5a3c34a}</UniqueIdentifier>
    </Filter>
    <Filter Include="Components\Tank\Enemy\Blue">
      <UniqueIdentifier>{27ba4429-3f76-4260-9c1d-783cae47e453}</UniqueIdentifier>
    </Filter>
    <Filter Include="Components\Tank\Enemy\Purple">
      <UniqueIdentifier>{2384f6fb-06fe-454b-9c46-27f5cf1d4a49}</UniqueIdentifier>
    </Filter>
    <Filter Include="Helpers">
      <UniqueIdentifier>{823d5d80-966a-490c-9eb9-db63f7034d9b}</UniqueIdentifier>
    </Filter>
    <Filter Include="Commands\Menu">
      <UniqueIdentifier>{466c86e0-7223-4e8d-a692-e860c2f26840}</UniqueIdentifier>
    </Filter>
    <Filter Include="Components\HighScores">
      <UniqueIdentifier>{9758b5bd-06d8-4b05-807a-e268964f77b1}</UniqueIdentifier>
    </Filter>
    <Filter Include="Helpers\Loaders">
      <UniqueIdentifier>{c63514a6-d58f-4768-a2da-161b6b74cba6}</UniqueIdentifier>
    </Filter>
    <Filter Include="Helpers\Music">
      <UniqueIdentifier>{33d9e6cd-328d-4773-9ad3-58a04f6cb9c2}</UniqueIdentifier>
    </Filter>
    <Filter Include="Commands\Mute">
      <UniqueIdentifier>{1bfcf284-f570-4441-a4ef-44404d612841}</UniqueIdentifier>
    </Filter>
    <Filter Include="Commands\Skip">
      <UniqueIdentifier>{65c23e11-c3ed-4d19-9bea-a65f520e1f18}</UniqueIdentifier>
    </Filter>
  </ItemGroup>
  <ItemGroup>
    <ClCompile Include="main.cpp" />
    <ClCompile Include="MenuComponent.cpp">
      <Filter>Components\Menu</Filter>
    </ClCompile>
    <ClCompile Include="TileManagerComponent.cpp">
      <Filter>Components\Tile</Filter>
    </ClCompile>
    <ClCompile Include="TileComponent.cpp">
      <Filter>Components\Tile\Tile</Filter>
    </ClCompile>
    <ClCompile Include="MoveCommand.cpp">
      <Filter>Commands\Move</Filter>
    </ClCompile>
    <ClCompile Include="AimCommand.cpp">
      <Filter>Commands\Aim</Filter>
    </ClCompile>
    <ClCompile Include="BulletManagerComponent.cpp">
      <Filter>Components\Bullet</Filter>
    </ClCompile>
    <ClCompile Include="BulletComponent.cpp">
      <Filter>Components\Bullet\Bullet</Filter>
    </ClCompile>
    <ClCompile Include="FireCommand.cpp">
      <Filter>Commands\Fire</Filter>
    </ClCompile>
    <ClCompile Include="MiddleTileComponent.cpp">
      <Filter>Components\Tile\Middle Tile</Filter>
    </ClCompile>
    <ClCompile Include="ScoreBoardComponent.cpp">
      <Filter>Components\Scoreboard</Filter>
    </ClCompile>
    <ClCompile Include="PlayerTankComponent.cpp">
      <Filter>Components\Tank\Player</Filter>
    </ClCompile>
    <ClCompile Include="BlueTankComponent.cpp">
      <Filter>Components\Tank\Enemy\Blue</Filter>
    </ClCompile>
    <ClCompile Include="TankComponent.cpp">
      <Filter>Components\Tank\Tank</Filter>
    </ClCompile>
    <ClCompile Include="TankManagerComponent.cpp">
      <Filter>Components\Tank</Filter>
    </ClCompile>
    <ClCompile Include="PurpleTankComponent.cpp">
      <Filter>Components\Tank\Enemy\Purple</Filter>
    </ClCompile>
    <ClCompile Include="EnemyTankComponent.cpp">
      <Filter>Components\Tank\Enemy</Filter>
    </ClCompile>
    <ClCompile Include="MenuCommand.cpp">
      <Filter>Commands\Menu</Filter>
    </ClCompile>
    <ClCompile Include="HighscoresComponent.cpp">
      <Filter>Components\HighScores</Filter>
    </ClCompile>
    <ClCompile Include="Loaders.cpp">
      <Filter>Helpers\Loaders</Filter>
    </ClCompile>
    <ClCompile Include="AudioHelpers.cpp">
      <Filter>Helpers\Music</Filter>
    </ClCompile>
    <ClCompile Include="MuteCommand.cpp">
      <Filter>Commands\Mute</Filter>
    </ClCompile>
    <ClCompile Include="SkipCommand.cpp">
      <Filter>Commands\Skip</Filter>
    </ClCompile>
  </ItemGroup>
  <ItemGroup>
    <ClInclude Include="MenuComponent.h">
      <Filter>Components\Menu</Filter>
    </ClInclude>
    <ClInclude Include="TileManagerComponent.h">
      <Filter>Components\Tile</Filter>
    </ClInclude>
    <ClInclude Include="TileComponent.h">
      <Filter>Components\Tile\Tile</Filter>
    </ClInclude>
    <ClInclude Include="MoveCommand.h">
      <Filter>Commands\Move</Filter>
    </ClInclude>
    <ClInclude Include="AimCommand.h">
      <Filter>Commands\Aim</Filter>
    </ClInclude>
    <ClInclude Include="BulletManagerComponent.h">
      <Filter>Components\Bullet</Filter>
    </ClInclude>
    <ClInclude Include="BulletComponent.h">
      <Filter>Components\Bullet\Bullet</Filter>
    </ClInclude>
    <ClInclude Include="FireCommand.h">
      <Filter>Commands\Fire</Filter>
    </ClInclude>
    <ClInclude Include="MiddleTileComponent.h">
      <Filter>Components\Tile\Middle Tile</Filter>
    </ClInclude>
    <ClInclude Include="ScoreBoardComponent.h">
      <Filter>Components\Scoreboard</Filter>
    </ClInclude>
    <ClInclude Include="PlayerTankComponent.h">
      <Filter>Components\Tank\Player</Filter>
    </ClInclude>
    <ClInclude Include="BlueTankComponent.h">
      <Filter>Components\Tank\Enemy\Blue</Filter>
    </ClInclude>
    <ClInclude Include="TankComponent.h">
      <Filter>Components\Tank\Tank</Filter>
    </ClInclude>
    <ClInclude Include="TankManagerComponent.h">
      <Filter>Components\Tank</Filter>
    </ClInclude>
    <ClInclude Include="PurpleTankComponent.h">
      <Filter>Components\Tank\Enemy\Purple</Filter>
    </ClInclude>
    <ClInclude Include="EnemyTankComponent.h">
      <Filter>Components\Tank\Enemy</Filter>
    </ClInclude>
    <ClInclude Include="MenuCommand.h">
      <Filter>Commands\Menu</Filter>
    </ClInclude>
    <ClInclude Include="HighscoresComponent.h">
      <Filter>Components\HighScores</Filter>
    </ClInclude>
    <ClInclude Include="Loaders.h">
      <Filter>Helpers\Loaders</Filter>
    </ClInclude>
    <ClInclude Include="AudioHelpers.h">
      <Filter>Helpers\Music</Filter>
    </ClInclude>
    <ClInclude Include="MuteCommand.h">
      <Filter>Commands\Mute</Filter>
    </ClInclude>
    <ClInclude Include="SkipCommand.h">
      <Filter>Commands\Skip</Filter>
    </ClInclude>
  </ItemGroup>
</Project>