<?xml version="1.0" encoding="utf-8"?>
<Project ToolsVersion="4.0" xmlns="http://schemas.microsoft.com/developer/msbuild/2003">
  <ItemGroup>
    <ClCompile Include="Minigin.cpp" />
    <ClCompile Include="EventManager.cpp">
      <Filter>Managers\Event Manager</Filter>
    </ClCompile>
    <ClCompile Include="..\Libraries\imgui - 1.90.9\include\imgui.cpp">
      <Filter>imgui</Filter>
    </ClCompile>
    <ClCompile Include="..\Libraries\imgui - 1.90.9\include\imgui_demo.cpp">
      <Filter>imgui</Filter>
    </ClCompile>
    <ClCompile Include="..\Libraries\imgui - 1.90.9\include\imgui_draw.cpp">
      <Filter>imgui</Filter>
    </ClCompile>
    <ClCompile Include="..\Libraries\imgui - 1.90.9\include\imgui_tables.cpp">
      <Filter>imgui</Filter>
    </ClCompile>
    <ClCompile Include="..\Libraries\imgui - 1.90.9\include\imgui_widgets.cpp">
      <Filter>imgui</Filter>
    </ClCompile>
    <ClCompile Include="..\Libraries\implot - 0.16\include\implot.cpp">
      <Filter>implot</Filter>
    </ClCompile>
    <ClCompile Include="..\Libraries\implot - 0.16\include\implot_items.cpp">
      <Filter>implot</Filter>
    </ClCompile>
    <ClCompile Include="Component.cpp">
      <Filter>Components</Filter>
    </ClCompile>
    <ClCompile Include="FPSCounterComponent.cpp">
      <Filter>Components\FPS Counter Component</Filter>
    </ClCompile>
    <ClCompile Include="ImageComponent.cpp">
      <Filter>Components\Image Component</Filter>
    </ClCompile>
    <ClCompile Include="InputManager.cpp">
      <Filter>Managers\Input Manager</Filter>
    </ClCompile>
    <ClCompile Include="Font.cpp">
      <Filter>Data Types\Font</Filter>
    </ClCompile>
    <ClCompile Include="GameObject.cpp">
      <Filter>Object\Game Object</Filter>
    </ClCompile>
    <ClCompile Include="InputAction.cpp">
      <Filter>Input</Filter>
    </ClCompile>
    <ClCompile Include="InputMappingContext.cpp">
      <Filter>Input</Filter>
    </ClCompile>
    <ClCompile Include="ResourceManager.cpp">
      <Filter>Managers\Resource Manager</Filter>
    </ClCompile>
    <ClCompile Include="Renderer.cpp">
      <Filter>Renderer</Filter>
    </ClCompile>
    <ClCompile Include="SceneManager.cpp">
      <Filter>Managers\Scene Manager</Filter>
    </ClCompile>
    <ClCompile Include="TextComponent.cpp">
      <Filter>Components\Text Component</Filter>
    </ClCompile>
    <ClCompile Include="Sound.cpp">
      <Filter>Sound</Filter>
    </ClCompile>
    <ClCompile Include="Locator.cpp">
      <Filter>Locator</Filter>
    </ClCompile>
    <ClCompile Include="Scene.cpp">
      <Filter>Scene</Filter>
    </ClCompile>
    <ClCompile Include="Texture.cpp">
      <Filter>Data Types\Texture</Filter>
    </ClCompile>
    <ClCompile Include="Transform.cpp">
      <Filter>Data Types\Transform</Filter>
    </ClCompile>
    <ClCompile Include="Command.cpp">
      <Filter>Input\Command</Filter>
    </ClCompile>
    <ClCompile Include="..\Libraries\imgui - 1.90.9\include\backends\imgui_impl_sdlrenderer2.cpp">
      <Filter>imgui\backends</Filter>
    </ClCompile>
    <ClCompile Include="..\Libraries\imgui - 1.90.9\include\backends\imgui_impl_sdl2.cpp">
      <Filter>imgui\backends</Filter>
    </ClCompile>
    <ClCompile Include="TimeManager.cpp">
      <Filter>Managers\Time Manager</Filter>
    </ClCompile>
    <ClCompile Include="ControllableObject.cpp">
      <Filter>Object\Controllable Object</Filter>
    </ClCompile>
    <ClCompile Include="ObjectController.cpp">
      <Filter>Object\Object Controller</Filter>
    </ClCompile>
  </ItemGroup>
  <ItemGroup>
    <ClInclude Include="Minigin.h" />
    <ClInclude Include="EventManager.h">
      <Filter>Managers\Event Manager</Filter>
    </ClInclude>
    <ClInclude Include="..\Libraries\imgui - 1.90.9\include\imconfig.h">
      <Filter>imgui</Filter>
    </ClInclude>
    <ClInclude Include="..\Libraries\imgui - 1.90.9\include\imgui.h">
      <Filter>imgui</Filter>
    </ClInclude>
    <ClInclude Include="..\Libraries\imgui - 1.90.9\include\imgui_internal.h">
      <Filter>imgui</Filter>
    </ClInclude>
    <ClInclude Include="..\Libraries\implot - 0.16\include\implot.h">
      <Filter>implot</Filter>
    </ClInclude>
    <ClInclude Include="..\Libraries\implot - 0.16\include\implot_internal.h">
      <Filter>implot</Filter>
    </ClInclude>
    <ClInclude Include="..\Libraries\imgui - 1.90.9\include\imstb_truetype.h">
      <Filter>imgui</Filter>
    </ClInclude>
    <ClInclude Include="..\Libraries\imgui - 1.90.9\include\imstb_textedit.h">
      <Filter>imgui</Filter>
    </ClInclude>
    <ClInclude Include="..\Libraries\imgui - 1.90.9\include\imstb_rectpack.h">
      <Filter>imgui</Filter>
    </ClInclude>
    <ClInclude Include="Component.h">
      <Filter>Components</Filter>
    </ClInclude>
    <ClInclude Include="FPSCounterComponent.h">
      <Filter>Components\FPS Counter Component</Filter>
    </ClInclude>
    <ClInclude Include="ImageComponent.h">
      <Filter>Components\Image Component</Filter>
    </ClInclude>
    <ClInclude Include="InputManager.h">
      <Filter>Managers\Input Manager</Filter>
    </ClInclude>
    <ClInclude Include="Font.h">
      <Filter>Data Types\Font</Filter>
    </ClInclude>
    <ClInclude Include="GameObject.h">
      <Filter>Object\Game Object</Filter>
    </ClInclude>
    <ClInclude Include="InputAction.h">
      <Filter>Input</Filter>
    </ClInclude>
    <ClInclude Include="InputMappingContext.h">
      <Filter>Input</Filter>
    </ClInclude>
    <ClInclude Include="ResourceManager.h">
      <Filter>Managers\Resource Manager</Filter>
    </ClInclude>
    <ClInclude Include="Renderer.h">
      <Filter>Renderer</Filter>
    </ClInclude>
    <ClInclude Include="SceneManager.h">
      <Filter>Managers\Scene Manager</Filter>
    </ClInclude>
    <ClInclude Include="TextComponent.h">
      <Filter>Components\Text Component</Filter>
    </ClInclude>
    <ClInclude Include="Sound.h">
      <Filter>Sound</Filter>
    </ClInclude>
    <ClInclude Include="Locator.h">
      <Filter>Locator</Filter>
    </ClInclude>
    <ClInclude Include="Scene.h">
      <Filter>Scene</Filter>
    </ClInclude>
    <ClInclude Include="Singleton.h">
      <Filter>Data Types</Filter>
    </ClInclude>
    <ClInclude Include="Texture.h">
      <Filter>Data Types\Texture</Filter>
    </ClInclude>
    <ClInclude Include="Transform.h">
      <Filter>Data Types\Transform</Filter>
    </ClInclude>
    <ClInclude Include="Command.h">
      <Filter>Input\Command</Filter>
    </ClInclude>
    <ClInclude Include="..\Libraries\imgui - 1.90.9\include\backends\imgui_impl_sdl2.h">
      <Filter>imgui\backends</Filter>
    </ClInclude>
    <ClInclude Include="..\Libraries\imgui - 1.90.9\include\backends\imgui_impl_sdlrenderer2.h">
      <Filter>imgui\backends</Filter>
    </ClInclude>
    <ClInclude Include="TimeManager.h">
      <Filter>Managers\Time Manager</Filter>
    </ClInclude>
    <ClInclude Include="ControllableObject.h">
      <Filter>Object\Controllable Object</Filter>
    </ClInclude>
    <ClInclude Include="ObjectController.h">
      <Filter>Object\Object Controller</Filter>
    </ClInclude>
  </ItemGroup>
  <ItemGroup>
    <Filter Include="Managers">
      <UniqueIdentifier>{00d64441-a795-470f-afb9-f29366e4c0b0}</UniqueIdentifier>
    </Filter>
    <Filter Include="Managers\Event Manager">
      <UniqueIdentifier>{8b7859a4-0c0f-4c3e-b139-85e79d06ec28}</UniqueIdentifier>
    </Filter>
    <Filter Include="imgui">
      <UniqueIdentifier>{9f7a4a1f-a376-444e-9ee0-ce3ce0bd560e}</UniqueIdentifier>
    </Filter>
    <Filter Include="implot">
      <UniqueIdentifier>{e0970c6b-6ad9-40f1-b2cb-735eeba4af46}</UniqueIdentifier>
    </Filter>
    <Filter Include="Components">
      <UniqueIdentifier>{beb27258-f0a7-4bb7-ba7f-1f4162e50a5f}</UniqueIdentifier>
    </Filter>
    <Filter Include="Components\FPS Counter Component">
      <UniqueIdentifier>{dc208c94-3e28-4c92-a646-872bb68a3a37}</UniqueIdentifier>
    </Filter>
    <Filter Include="Components\Image Component">
      <UniqueIdentifier>{c594663e-4f94-41b4-9209-66ad3b5950e8}</UniqueIdentifier>
    </Filter>
    <Filter Include="Managers\Input Manager">
      <UniqueIdentifier>{44099e95-4628-4c9b-82b5-193b6fd2ea22}</UniqueIdentifier>
    </Filter>
    <Filter Include="Managers\Scene Manager">
      <UniqueIdentifier>{46bd5a21-96dc-4d02-bba8-f13d462cc535}</UniqueIdentifier>
    </Filter>
    <Filter Include="Data Types">
      <UniqueIdentifier>{d03e03b1-0216-458e-9ecd-24b622dbbe85}</UniqueIdentifier>
    </Filter>
    <Filter Include="Data Types\Font">
      <UniqueIdentifier>{945c4bb7-3bef-429f-a1a2-7427995e065b}</UniqueIdentifier>
    </Filter>
    <Filter Include="Data Types\Texture">
      <UniqueIdentifier>{a399832a-e73a-4f81-b4fc-5dd8b3492951}</UniqueIdentifier>
    </Filter>
    <Filter Include="Data Types\Transform">
      <UniqueIdentifier>{e87e5028-5048-4d83-a019-31010462074c}</UniqueIdentifier>
    </Filter>
    <Filter Include="Input">
      <UniqueIdentifier>{70c3c9c4-b4e1-4afa-b846-c4d041b67187}</UniqueIdentifier>
    </Filter>
    <Filter Include="Sound">
      <UniqueIdentifier>{a704ffb3-565f-4c84-b502-1c3f4f72d581}</UniqueIdentifier>
    </Filter>
    <Filter Include="Managers\Resource Manager">
      <UniqueIdentifier>{ce2ce5da-4ef7-48d9-b564-c11424d2a5cf}</UniqueIdentifier>
    </Filter>
    <Filter Include="Renderer">
      <UniqueIdentifier>{56d2f64e-b16e-4efd-982e-ea573cc27b4c}</UniqueIdentifier>
    </Filter>
    <Filter Include="Components\Text Component">
      <UniqueIdentifier>{74312c38-072a-4a6d-a34d-33a8c9d875bb}</UniqueIdentifier>
    </Filter>
    <Filter Include="Locator">
      <UniqueIdentifier>{9a735c14-e277-4d91-8124-0f92fd8b1653}</UniqueIdentifier>
    </Filter>
    <Filter Include="Scene">
      <UniqueIdentifier>{c9f4a7c2-db78-4ca2-9c5a-d64c8533ece6}</UniqueIdentifier>
    </Filter>
    <Filter Include="Input\Command">
      <UniqueIdentifier>{5e0e1dc9-b5a2-49fa-92ad-6a210a0d9c1d}</UniqueIdentifier>
    </Filter>
    <Filter Include="imgui\backends">
      <UniqueIdentifier>{1c84caa6-0055-4a5b-b118-a8d66922a0c8}</UniqueIdentifier>
    </Filter>
    <Filter Include="Managers\Time Manager">
      <UniqueIdentifier>{b1820fdc-37ae-40b4-b92b-9b586ee47517}</UniqueIdentifier>
    </Filter>
    <Filter Include="Object">
      <UniqueIdentifier>{ad83fcc1-e777-4fc2-8fa7-6abaecb756bc}</UniqueIdentifier>
    </Filter>
    <Filter Include="Object\Object Controller">
      <UniqueIdentifier>{af181637-951d-4153-93e8-a2f19f997ce9}</UniqueIdentifier>
    </Filter>
    <Filter Include="Object\Controllable Object">
      <UniqueIdentifier>{9ffa48d7-c1a6-4425-a5be-bed514e21118}</UniqueIdentifier>
    </Filter>
    <Filter Include="Object\Game Object">
      <UniqueIdentifier>{d6fc41cc-0f98-4a6d-934a-afbea2d3e5f1}</UniqueIdentifier>
    </Filter>
  </ItemGroup>
</Project>