<?xml version="1.0" encoding="utf-8"?>
<Project ToolsVersion="4.0" xmlns="http://schemas.microsoft.com/developer/msbuild/2003">
  <ItemGroup>
    <Filter Include="Game Object">
      <UniqueIdentifier>{4ecadd5e-d694-4f43-96fb-e2dad8bfef8b}</UniqueIdentifier>
    </Filter>
    <Filter Include="Minigin">
      <UniqueIdentifier>{be5fb6ab-3e5a-4b3c-8f76-8d43ccb01823}</UniqueIdentifier>
    </Filter>
    <Filter Include="Renderer">
      <UniqueIdentifier>{ee51c481-854a-491b-a19b-a0c91df1d478}</UniqueIdentifier>
    </Filter>
    <Filter Include="Components">
      <UniqueIdentifier>{ff699739-abc8-4fb6-8f62-5fd5d4596448}</UniqueIdentifier>
    </Filter>
    <Filter Include="Components\Text Component">
      <UniqueIdentifier>{0e98cbf8-579d-4d93-8740-7a9934b7657a}</UniqueIdentifier>
    </Filter>
    <Filter Include="Components\Image Component">
      <UniqueIdentifier>{b03f6d84-9029-490c-9df3-5aeb10d5ff9c}</UniqueIdentifier>
    </Filter>
    <Filter Include="Data Types">
      <UniqueIdentifier>{c7503e15-a6be-46df-8139-67bbebfb95f0}</UniqueIdentifier>
    </Filter>
    <Filter Include="Data Types\Font">
      <UniqueIdentifier>{d1489771-5ae5-4ec0-b4dd-d1e6110eaa88}</UniqueIdentifier>
    </Filter>
    <Filter Include="Managers">
      <UniqueIdentifier>{9496bb4e-c0b0-4877-bce0-7cd7ebef4404}</UniqueIdentifier>
    </Filter>
    <Filter Include="Managers\Resource Manager">
      <UniqueIdentifier>{f0f1b71a-25e7-402a-aa5a-decb6e8e088b}</UniqueIdentifier>
    </Filter>
    <Filter Include="Managers\Scene Manager">
      <UniqueIdentifier>{fd0fb892-3c6d-4591-9883-d18ca9b688e7}</UniqueIdentifier>
    </Filter>
    <Filter Include="Data Types\Transform">
      <UniqueIdentifier>{55fca1b8-de90-4f2d-8617-ee95a7327d51}</UniqueIdentifier>
    </Filter>
    <Filter Include="Scene">
      <UniqueIdentifier>{89cc0cc4-3eee-4d7a-9bc9-64752d7eb54d}</UniqueIdentifier>
    </Filter>
    <Filter Include="Data Types\Texture">
      <UniqueIdentifier>{8de5b0f2-b0c8-4561-b285-c9e2fb6286f6}</UniqueIdentifier>
    </Filter>
    <Filter Include="Components\FPS Counter Component">
      <UniqueIdentifier>{18b8444b-a0d9-4f88-bd6c-f0898461075e}</UniqueIdentifier>
    </Filter>
    <Filter Include="Components\Rotater Component">
      <UniqueIdentifier>{9c616990-8ac6-4dec-acf3-389897e6b857}</UniqueIdentifier>
    </Filter>
    <Filter Include="Imgui">
      <UniqueIdentifier>{f31996c1-f978-43f5-8cc9-f85810b277fc}</UniqueIdentifier>
    </Filter>
    <Filter Include="Components\Trash The Cache">
      <UniqueIdentifier>{9edfd189-b4ee-4d16-bc04-0af0fbfe8cdd}</UniqueIdentifier>
    </Filter>
    <Filter Include="Input">
      <UniqueIdentifier>{e56e98dd-fa61-41e9-b0fe-e0d84ff25bce}</UniqueIdentifier>
    </Filter>
    <Filter Include="Input\Command">
      <UniqueIdentifier>{bef7310c-1de6-4385-8611-53e972a18b97}</UniqueIdentifier>
    </Filter>
    <Filter Include="Input\Action">
      <UniqueIdentifier>{37ef5360-df90-42ff-8296-174a0c57842f}</UniqueIdentifier>
    </Filter>
    <Filter Include="Input\Manager">
      <UniqueIdentifier>{8128e6de-0481-4aa3-b221-b8139c5e7c50}</UniqueIdentifier>
    </Filter>
    <Filter Include="Input\Command\Custom Commands">
      <UniqueIdentifier>{6e8234d6-7d62-4665-978b-a7080e107748}</UniqueIdentifier>
    </Filter>
    <Filter Include="Input\Mapping Context">
      <UniqueIdentifier>{b50dcc1f-6270-4541-86f5-03ce8cfe12aa}</UniqueIdentifier>
    </Filter>
    <Filter Include="Managers\Event Manager">
      <UniqueIdentifier>{f05e28b0-d5e8-4826-9b8a-cc87fa5d5788}</UniqueIdentifier>
    </Filter>
    <Filter Include="Components\Health Component">
      <UniqueIdentifier>{85503db5-b510-43a4-897f-43054c4f6828}</UniqueIdentifier>
    </Filter>
    <Filter Include="Components\Scoreboard Component">
      <UniqueIdentifier>{a40eb6b7-95a9-4332-92cd-5b1a67413f76}</UniqueIdentifier>
    </Filter>
  </ItemGroup>
  <ItemGroup>
    <ClInclude Include="Component.h">
      <Filter>Components</Filter>
    </ClInclude>
    <ClInclude Include="Font.h">
      <Filter>Data Types\Font</Filter>
    </ClInclude>
    <ClInclude Include="GameObject.h">
      <Filter>Game Object</Filter>
    </ClInclude>
    <ClInclude Include="InputManager.h">
      <Filter>Input\Manager</Filter>
    </ClInclude>
    <ClInclude Include="Minigin.h">
      <Filter>Minigin</Filter>
    </ClInclude>
    <ClInclude Include="Renderer.h">
      <Filter>Renderer</Filter>
    </ClInclude>
    <ClInclude Include="ResourceManager.h">
      <Filter>Managers\Resource Manager</Filter>
    </ClInclude>
    <ClInclude Include="Scene.h">
      <Filter>Scene</Filter>
    </ClInclude>
    <ClInclude Include="SceneManager.h">
      <Filter>Managers\Scene Manager</Filter>
    </ClInclude>
    <ClInclude Include="Texture.h">
      <Filter>Data Types\Texture</Filter>
    </ClInclude>
    <ClInclude Include="Transform.h">
      <Filter>Data Types\Transform</Filter>
    </ClInclude>
    <ClInclude Include="TextComponent.h">
      <Filter>Components\Text Component</Filter>
    </ClInclude>
    <ClInclude Include="ImageComponent.h">
      <Filter>Components\Image Component</Filter>
    </ClInclude>
    <ClInclude Include="Singleton.h" />
    <ClInclude Include="FPSCounterComponent.h">
      <Filter>Components\FPS Counter Component</Filter>
    </ClInclude>
    <ClInclude Include="RotaterComponent.h">
      <Filter>Components\Rotater Component</Filter>
    </ClInclude>
    <ClInclude Include="..\3rdParty\imgui-1.90.4\imconfig.h">
      <Filter>Imgui</Filter>
    </ClInclude>
    <ClInclude Include="..\3rdParty\imgui-1.90.4\imgui.h">
      <Filter>Imgui</Filter>
    </ClInclude>
    <ClInclude Include="..\3rdParty\imgui-1.90.4\imgui_internal.h">
      <Filter>Imgui</Filter>
    </ClInclude>
    <ClInclude Include="..\3rdParty\imgui-1.90.4\imstb_rectpack.h">
      <Filter>Imgui</Filter>
    </ClInclude>
    <ClInclude Include="..\3rdParty\imgui-1.90.4\imstb_textedit.h">
      <Filter>Imgui</Filter>
    </ClInclude>
    <ClInclude Include="..\3rdParty\imgui-1.90.4\imstb_truetype.h">
      <Filter>Imgui</Filter>
    </ClInclude>
    <ClInclude Include="..\3rdParty\imgui-1.90.4\backends\imgui_impl_sdl2.h">
      <Filter>Imgui</Filter>
    </ClInclude>
    <ClInclude Include="..\3rdParty\imgui-1.90.4\backends\imgui_impl_sdlrenderer2.h">
      <Filter>Imgui</Filter>
    </ClInclude>
    <ClInclude Include="..\3rdParty\imgui-1.90.4\implot.h">
      <Filter>Imgui</Filter>
    </ClInclude>
    <ClInclude Include="..\3rdParty\imgui-1.90.4\implot_internal.h">
      <Filter>Imgui</Filter>
    </ClInclude>
    <ClInclude Include="TrashTheCacheComponent.h">
      <Filter>Components\Trash The Cache</Filter>
    </ClInclude>
    <ClInclude Include="Command.h">
      <Filter>Input\Command</Filter>
    </ClInclude>
    <ClInclude Include="CustumCommands.h">
      <Filter>Input\Command\Custom Commands</Filter>
    </ClInclude>
    <ClInclude Include="InputAction.h">
      <Filter>Input\Action</Filter>
    </ClInclude>
    <ClInclude Include="InputMappingContext.h">
      <Filter>Input\Mapping Context</Filter>
    </ClInclude>
    <ClInclude Include="EventManager.h">
      <Filter>Managers\Event Manager</Filter>
    </ClInclude>
    <ClInclude Include="HealthComponent.h">
      <Filter>Components\Health Component</Filter>
    </ClInclude>
    <ClInclude Include="ScoreBoardComponent.h">
      <Filter>Components\Scoreboard Component</Filter>
    </ClInclude>
  </ItemGroup>
  <ItemGroup>
    <ClCompile Include="Component.cpp">
      <Filter>Components</Filter>
    </ClCompile>
    <ClCompile Include="Font.cpp">
      <Filter>Data Types\Font</Filter>
    </ClCompile>
    <ClCompile Include="GameObject.cpp">
      <Filter>Game Object</Filter>
    </ClCompile>
    <ClCompile Include="InputManager.cpp">
      <Filter>Input\Manager</Filter>
    </ClCompile>
    <ClCompile Include="Minigin.cpp">
      <Filter>Minigin</Filter>
    </ClCompile>
    <ClCompile Include="Renderer.cpp">
      <Filter>Renderer</Filter>
    </ClCompile>
    <ClCompile Include="ResourceManager.cpp">
      <Filter>Managers\Resource Manager</Filter>
    </ClCompile>
    <ClCompile Include="Scene.cpp">
      <Filter>Scene</Filter>
    </ClCompile>
    <ClCompile Include="SceneManager.cpp">
      <Filter>Managers\Scene Manager</Filter>
    </ClCompile>
    <ClCompile Include="Texture.cpp">
      <Filter>Data Types\Texture</Filter>
    </ClCompile>
    <ClCompile Include="Transform.cpp">
      <Filter>Data Types\Transform</Filter>
    </ClCompile>
    <ClCompile Include="Main.cpp" />
    <ClCompile Include="TextComponent.cpp">
      <Filter>Components\Text Component</Filter>
    </ClCompile>
    <ClCompile Include="ImageComponent.cpp">
      <Filter>Components\Image Component</Filter>
    </ClCompile>
    <ClCompile Include="FPSCounterComponent.cpp">
      <Filter>Components\FPS Counter Component</Filter>
    </ClCompile>
    <ClCompile Include="RotaterComponent.cpp">
      <Filter>Components\Rotater Component</Filter>
    </ClCompile>
    <ClCompile Include="..\3rdParty\imgui-1.90.4\imgui.cpp">
      <Filter>Imgui</Filter>
    </ClCompile>
    <ClCompile Include="..\3rdParty\imgui-1.90.4\imgui_demo.cpp">
      <Filter>Imgui</Filter>
    </ClCompile>
    <ClCompile Include="..\3rdParty\imgui-1.90.4\imgui_draw.cpp">
      <Filter>Imgui</Filter>
    </ClCompile>
    <ClCompile Include="..\3rdParty\imgui-1.90.4\imgui_tables.cpp">
      <Filter>Imgui</Filter>
    </ClCompile>
    <ClCompile Include="..\3rdParty\imgui-1.90.4\imgui_widgets.cpp">
      <Filter>Imgui</Filter>
    </ClCompile>
    <ClCompile Include="..\3rdParty\imgui-1.90.4\backends\imgui_impl_sdl2.cpp">
      <Filter>Imgui</Filter>
    </ClCompile>
    <ClCompile Include="..\3rdParty\imgui-1.90.4\backends\imgui_impl_sdlrenderer2.cpp">
      <Filter>Imgui</Filter>
    </ClCompile>
    <ClCompile Include="..\3rdParty\imgui-1.90.4\implot.cpp">
      <Filter>Imgui</Filter>
    </ClCompile>
    <ClCompile Include="..\3rdParty\imgui-1.90.4\implot_demo.cpp">
      <Filter>Imgui</Filter>
    </ClCompile>
    <ClCompile Include="..\3rdParty\imgui-1.90.4\implot_items.cpp">
      <Filter>Imgui</Filter>
    </ClCompile>
    <ClCompile Include="TrashTheCacheComponent.cpp">
      <Filter>Components\Trash The Cache</Filter>
    </ClCompile>
    <ClCompile Include="Command.cpp">
      <Filter>Input\Command</Filter>
    </ClCompile>
    <ClCompile Include="CustumCommands.cpp">
      <Filter>Input\Command\Custom Commands</Filter>
    </ClCompile>
    <ClCompile Include="InputAction.cpp">
      <Filter>Input\Action</Filter>
    </ClCompile>
    <ClCompile Include="InputMappingContext.cpp">
      <Filter>Input\Mapping Context</Filter>
    </ClCompile>
    <ClCompile Include="EventManager.cpp">
      <Filter>Managers\Event Manager</Filter>
    </ClCompile>
    <ClCompile Include="HealthComponent.cpp">
      <Filter>Components\Health Component</Filter>
    </ClCompile>
    <ClCompile Include="ScoreBoardComponent.cpp">
      <Filter>Components\Scoreboard Component</Filter>
    </ClCompile>
  </ItemGroup>
</Project>